
Microsoft Visual Studio Solution File, Format Version 12.00
# Visual Studio Version 17
VisualStudioVersion = 17.13.35825.156 d17.13
MinimumVisualStudioVersion = 10.0.40219.1
Project("{FAE04EC0-301F-11D3-BF4B-00C04F79EFBC}") = "SimpleStudentManagementProjectCSharpProject1", "SimpleStudentManagementProjectCSharpProject1\SimpleStudentManagementProjectCSharpProject1.csproj", "{F931FF5C-5CD5-4357-8D15-63CBB34FD315}"
EndProject
Global
	GlobalSection(SolutionConfigurationPlatforms) = preSolution
		Debug|Any CPU = Debug|Any CPU
		Release|Any CPU = Release|Any CPU
	EndGlobalSection
	GlobalSection(ProjectConfigurationPlatforms) = postSolution
		{F931FF5C-5CD5-4357-8D15-63CBB34FD315}.Debug|Any CPU.ActiveCfg = Debug|Any CPU
		{F931FF5C-5CD5-4357-8D15-63CBB34FD315}.Debug|Any CPU.Build.0 = Debug|Any CPU
		{F931FF5C-5CD5-4357-8D15-63CBB34FD315}.Release|Any CPU.ActiveCfg = Release|Any CPU
		{F931FF5C-5CD5-4357-8D15-63CBB34FD315}.Release|Any CPU.Build.0 = Release|Any CPU
	EndGlobalSection
	GlobalSection(SolutionProperties) = preSolution
		HideSolutionNode = FALSE
	EndGlobalSection
	GlobalSection(ExtensibilityGlobals) = postSolution
		SolutionGuid = {D8DCE642-940A-42D0-B06D-84FCDED42F88}
	EndGlobalSection
EndGlobal
